Microsoft Visual Studio Solution File, Format Version 12.00
# Visual Studio Version 17
VisualStudioVersion = 17.5.2.0
MinimumVisualStudioVersion = 10.0.40219.1
Project("{FAE04EC0-301F-11D3-BF4B-00C04F79EFBC}") = "ApiForMignightMotorist", "ApiForMignightMotorist\ApiForMignightMotorist.csproj", "{6AB081D9-DE94-E451-B9D2-354366A5E6A8}"
EndProject
Global
	GlobalSection(SolutionConfigurationPlatforms) = preSolution
		Debug|Any CPU = Debug|Any CPU
		Release|Any CPU = Release|Any CPU
	EndGlobalSection
	GlobalSection(ProjectConfigurationPlatforms) = postSolution
		{6AB081D9-DE94-E451-B9D2-354366A5E6A8}.Debug|Any CPU.ActiveCfg = Debug|Any CPU
		{6AB081D9-DE94-E451-B9D2-354366A5E6A8}.Debug|Any CPU.Build.0 = Debug|Any CPU
		{6AB081D9-DE94-E451-B9D2-354366A5E6A8}.Release|Any CPU.ActiveCfg = Release|Any CPU
		{6AB081D9-DE94-E451-B9D2-354366A5E6A8}.Release|Any CPU.Build.0 = Release|Any CPU
	EndGlobalSection
	GlobalSection(SolutionProperties) = preSolution
		HideSolutionNode = FALSE
	EndGlobalSection
	GlobalSection(ExtensibilityGlobals) = postSolution
		SolutionGuid = {7955DA0E-CD3D-4176-A699-AAE2F5ED7D78}
	EndGlobalSection
EndGlobal
